
Microsoft Visual Studio Solution File, Format Version 12.00
# Visual Studio Version 17
VisualStudioVersion = 17.1.32228.430
MinimumVisualStudioVersion = 10.0.40219.1
Project("{8BC9CEB8-8B4A-11D0-8D11-00A0C91BC942}") = "Undiscovered_Worlds", "Undiscovered_Worlds.vcxproj", "{BE72F54D-A742-4D02-93D3-1924981D0528}"
EndProject
Global
	GlobalSection(SolutionConfigurationPlatforms) = preSolution
		Debug|x64 = Debug|x64
		Debug|x86 = Debug|x86
		Release|x64 = Release|x64
		Release|x86 = Release|x86
	EndGlobalSection
	GlobalSection(ProjectConfigurationPlatforms) = postSolution
		{BE72F54D-A742-4D02-93D3-1924981D0528}.Debug|x64.ActiveCfg = Debug|x64
		{BE72F54D-A742-4D02-93D3-1924981D0528}.Debug|x64.Build.0 = Debug|x64
		{BE72F54D-A742-4D02-93D3-1924981D0528}.Debug|x86.ActiveCfg = Debug|Win32
		{BE72F54D-A742-4D02-93D3-1924981D0528}.Debug|x86.Build.0 = Debug|Win32
		{BE72F54D-A742-4D02-93D3-1924981D0528}.Release|x64.ActiveCfg = Release|x64
		{BE72F54D-A742-4D02-93D3-1924981D0528}.Release|x64.Build.0 = Release|x64
		{BE72F54D-A742-4D02-93D3-1924981D0528}.Release|x86.ActiveCfg = Release|Win32
		{BE72F54D-A742-4D02-93D3-1924981D0528}.Release|x86.Build.0 = Release|Win32
	EndGlobalSection
	GlobalSection(SolutionProperties) = preSolution
		HideSolutionNode = FALSE
	EndGlobalSection
	GlobalSection(ExtensibilityGlobals) = postSolution
		SolutionGuid = {D3554DC3-C404-4159-B105-FA3AC154FE88}
	EndGlobalSection
EndGlobal
